
Microsoft Visual Studio Solution File, Format Version 12.00
# Visual Studio Version 17
VisualStudioVersion = 17.10.34928.147
MinimumVisualStudioVersion = 10.0.40219.1
Project("{9A19103F-16F7-4668-BE54-9A1E7A4F7556}") = "BulkyWeb", "BulkyWeb\BulkyWeb.csproj", "{6AE2E1C9-4C93-4546-A9E7-F83958D409F5}"
EndProject
Project("{FAE04EC0-301F-11D3-BF4B-00C04F79EFBC}") = "Bulky.DataAccess", "Bulky.DataAccess\Bulky.DataAccess.csproj", "{5573B0A9-2398-4F25-A50C-52C46F9C0049}"
EndProject
Project("{FAE04EC0-301F-11D3-BF4B-00C04F79EFBC}") = "Bulky.Models", "Bulky.Models\Bulky.Models.csproj", "{2A02F23F-0BAD-4E05-A9DE-E6F4DD01DE64}"
EndProject
Project("{FAE04EC0-301F-11D3-BF4B-00C04F79EFBC}") = "Bulky.Utility", "Bulky.Utility\Bulky.Utility.csproj", "{D44C18B8-6CA1-4CA6-9728-2892F751A101}"
EndProject
Global
	GlobalSection(SolutionConfigurationPlatforms) = preSolution
		Debug|Any CPU = Debug|Any CPU
		Release|Any CPU = Release|Any CPU
	EndGlobalSection
	GlobalSection(ProjectConfigurationPlatforms) = postSolution
		{6AE2E1C9-4C93-4546-A9E7-F83958D409F5}.Debug|Any CPU.ActiveCfg = Debug|Any CPU
		{6AE2E1C9-4C93-4546-A9E7-F83958D409F5}.Debug|Any CPU.Build.0 = Debug|Any CPU
		{6AE2E1C9-4C93-4546-A9E7-F83958D409F5}.Release|Any CPU.ActiveCfg = Release|Any CPU
		{6AE2E1C9-4C93-4546-A9E7-F83958D409F5}.Release|Any CPU.Build.0 = Release|Any CPU
		{5573B0A9-2398-4F25-A50C-52C46F9C0049}.Debug|Any CPU.ActiveCfg = Debug|Any CPU
		{5573B0A9-2398-4F25-A50C-52C46F9C0049}.Debug|Any CPU.Build.0 = Debug|Any CPU
		{5573B0A9-2398-4F25-A50C-52C46F9C0049}.Release|Any CPU.ActiveCfg = Release|Any CPU
		{5573B0A9-2398-4F25-A50C-52C46F9C0049}.Release|Any CPU.Build.0 = Release|Any CPU
		{2A02F23F-0BAD-4E05-A9DE-E6F4DD01DE64}.Debug|Any CPU.ActiveCfg = Debug|Any CPU
		{2A02F23F-0BAD-4E05-A9DE-E6F4DD01DE64}.Debug|Any CPU.Build.0 = Debug|Any CPU
		{2A02F23F-0BAD-4E05-A9DE-E6F4DD01DE64}.Release|Any CPU.ActiveCfg = Release|Any CPU
		{2A02F23F-0BAD-4E05-A9DE-E6F4DD01DE64}.Release|Any CPU.Build.0 = Release|Any CPU
		{D44C18B8-6CA1-4CA6-9728-2892F751A101}.Debug|Any CPU.ActiveCfg = Debug|Any CPU
		{D44C18B8-6CA1-4CA6-9728-2892F751A101}.Debug|Any CPU.Build.0 = Debug|Any CPU
		{D44C18B8-6CA1-4CA6-9728-2892F751A101}.Release|Any CPU.ActiveCfg = Release|Any CPU
		{D44C18B8-6CA1-4CA6-9728-2892F751A101}.Release|Any CPU.Build.0 = Release|Any CPU
	EndGlobalSection
	GlobalSection(SolutionProperties) = preSolution
		HideSolutionNode = FALSE
	EndGlobalSection
	GlobalSection(ExtensibilityGlobals) = postSolution
		SolutionGuid = {28753FF6-B7A8-45E9-A621-058E9E5CA1C9}
	EndGlobalSection
EndGlobal
